
Microsoft Visual Studio Solution File, Format Version 12.00
# Visual Studio Version 16
VisualStudioVersion = 16.0.34601.136
MinimumVisualStudioVersion = 10.0.40219.1
Project("{FAE04EC0-301F-11D3-BF4B-00C04F79EFBC}") = "Trabajo2", "Trabajo2.csproj", "{DE063D1C-DB86-424A-B0E0-6B6886E49B14}"
EndProject
Global
	GlobalSection(SolutionConfigurationPlatforms) = preSolution
		Debug|Any CPU = Debug|Any CPU
		Release|Any CPU = Release|Any CPU
	EndGlobalSection
	GlobalSection(ProjectConfigurationPlatforms) = postSolution
		{DE063D1C-DB86-424A-B0E0-6B6886E49B14}.Debug|Any CPU.ActiveCfg = Debug|Any CPU
		{DE063D1C-DB86-424A-B0E0-6B6886E49B14}.Debug|Any CPU.Build.0 = Debug|Any CPU
		{DE063D1C-DB86-424A-B0E0-6B6886E49B14}.Release|Any CPU.ActiveCfg = Release|Any CPU
		{DE063D1C-DB86-424A-B0E0-6B6886E49B14}.Release|Any CPU.Build.0 = Release|Any CPU
	EndGlobalSection
	GlobalSection(SolutionProperties) = preSolution
		HideSolutionNode = FALSE
	EndGlobalSection
	GlobalSection(ExtensibilityGlobals) = postSolution
		SolutionGuid = {03CB22AD-90DE-48E0-B724-A79D66430FD8}
	EndGlobalSection
EndGlobal
